
Microsoft Visual Studio Solution File, Format Version 12.00
# Visual Studio Version 17
VisualStudioVersion = 17.13.35931.197
MinimumVisualStudioVersion = 10.0.40219.1
Project("{8BC9CEB8-8B4A-11D0-8D11-00A0C91BC942}") = "LunaticEngine", "LunaticEngine\LunaticEngine.vcxproj", "{0B2963FE-2590-459E-AD84-43372237B5E7}"
EndProject
Project("{8BC9CEB8-8B4A-11D0-8D11-00A0C91BC942}") = "LunaticRuntime", "LunaticRuntime\LunaticRuntime.vcxproj", "{C9B644E9-5DEE-467C-82CB-8BCDFDAEB9D5}"
EndProject
Global
	GlobalSection(SolutionConfigurationPlatforms) = preSolution
		Debug|x64 = Debug|x64
		Debug|x86 = Debug|x86
		Release|x64 = Release|x64
		Release|x86 = Release|x86
	EndGlobalSection
	GlobalSection(ProjectConfigurationPlatforms) = postSolution
		{0B2963FE-2590-459E-AD84-43372237B5E7}.Debug|x64.ActiveCfg = Debug|x64
		{0B2963FE-2590-459E-AD84-43372237B5E7}.Debug|x64.Build.0 = Debug|x64
		{0B2963FE-2590-459E-AD84-43372237B5E7}.Debug|x86.ActiveCfg = Debug|Win32
		{0B2963FE-2590-459E-AD84-43372237B5E7}.Debug|x86.Build.0 = Debug|Win32
		{0B2963FE-2590-459E-AD84-43372237B5E7}.Release|x64.ActiveCfg = Release|x64
		{0B2963FE-2590-459E-AD84-43372237B5E7}.Release|x64.Build.0 = Release|x64
		{0B2963FE-2590-459E-AD84-43372237B5E7}.Release|x86.ActiveCfg = Release|Win32
		{0B2963FE-2590-459E-AD84-43372237B5E7}.Release|x86.Build.0 = Release|Win32
		{C9B644E9-5DEE-467C-82CB-8BCDFDAEB9D5}.Debug|x64.ActiveCfg = Debug|x64
		{C9B644E9-5DEE-467C-82CB-8BCDFDAEB9D5}.Debug|x64.Build.0 = Debug|x64
		{C9B644E9-5DEE-467C-82CB-8BCDFDAEB9D5}.Debug|x86.ActiveCfg = Debug|Win32
		{C9B644E9-5DEE-467C-82CB-8BCDFDAEB9D5}.Debug|x86.Build.0 = Debug|Win32
		{C9B644E9-5DEE-467C-82CB-8BCDFDAEB9D5}.Release|x64.ActiveCfg = Release|x64
		{C9B644E9-5DEE-467C-82CB-8BCDFDAEB9D5}.Release|x64.Build.0 = Release|x64
		{C9B644E9-5DEE-467C-82CB-8BCDFDAEB9D5}.Release|x86.ActiveCfg = Release|Win32
		{C9B644E9-5DEE-467C-82CB-8BCDFDAEB9D5}.Release|x86.Build.0 = Release|Win32
	EndGlobalSection
	GlobalSection(SolutionProperties) = preSolution
		HideSolutionNode = FALSE
	EndGlobalSection
	GlobalSection(ExtensibilityGlobals) = postSolution
		SolutionGuid = {2D2E23D9-130B-4E23-9054-146ECAA5E91D}
	EndGlobalSection
EndGlobal
